{
  "version": 4,
  "terraform_version": "1.3.2",
  "serial": 2,
  "lineage": "ab0457a6-14d8-21d1-6845-c90436016cfc",
  "outputs": {
    "vpc_id": {
      "value": "vpc-07f5310fc67d4ec35",
      "type": "string"
    }
  },
  "resources": [
    {
      "mode": "managed",
      "type": "aws_vpc",
      "name": "grayfox_vpc",
      "provider": "provider[\"registry.terraform.io/hashicorp/aws\"]",
      "instances": [
        {
          "schema_version": 1,
          "attributes": {
            "arn": "arn:aws:ec2:eu-central-1:569813798269:vpc/vpc-07f5310fc67d4ec35",
            "assign_generated_ipv6_cidr_block": false,
            "cidr_block": "10.0.0.0/16",
            "default_network_acl_id": "acl-0434690f105dd57ad",
            "default_route_table_id": "rtb-07517e4786dbae75e",
            "default_security_group_id": "sg-0f30f7ce7e5f604c9",
            "dhcp_options_id": "dopt-099f5d525ae7c5e83",
            "enable_classiclink": false,
            "enable_classiclink_dns_support": false,
            "enable_dns_hostnames": false,
            "enable_dns_support": true,
            "enable_network_address_usage_metrics": false,
            "id": "vpc-07f5310fc67d4ec35",
            "instance_tenancy": "default",
            "ipv4_ipam_pool_id": null,
            "ipv4_netmask_length": null,
            "ipv6_association_id": "",
            "ipv6_cidr_block": "",
            "ipv6_cidr_block_network_border_group": "",
            "ipv6_ipam_pool_id": "",
            "ipv6_netmask_length": 0,
            "main_route_table_id": "rtb-07517e4786dbae75e",
            "owner_id": "569813798269",
            "tags": {
              "Name": "grayfox-dev-vpc"
            },
            "tags_all": {
              "Name": "grayfox-dev-vpc"
            }
          },
          "sensitive_attributes": [],
          "private": "eyJzY2hlbWFfdmVyc2lvbiI6IjEifQ=="
        }
      ]
    }
  ],
  "check_results": []
}
